# This file is automatically @generated by Cargo.
# It is not intended for manual editing.
version = 3

[[package]]
name = "cc"
version = "1.0.73"
source = "registry+https://github.com/rust-lang/crates.io-index"
checksum = "2fff2a6927b3bb87f9595d67196a70493f627687a71d87a0d692242c33f58c11"

[[package]]
name = "gyges_engine"
version = "0.1.0"
dependencies = [
 "mimalloc",
 "primes",
]

[[package]]
name = "libmimalloc-sys"
version = "0.1.25"
source = "registry+https://github.com/rust-lang/crates.io-index"
checksum = "11ca136052550448f55df7898c6dbe651c6b574fe38a0d9ea687a9f8088a2e2c"
dependencies = [
 "cc",
]

[[package]]
name = "mimalloc"
version = "0.1.29"
source = "registry+https://github.com/rust-lang/crates.io-index"
checksum = "2f64ad83c969af2e732e907564deb0d0ed393cec4af80776f77dd77a1a427698"
dependencies = [
 "libmimalloc-sys",
]

[[package]]
name = "primes"
version = "0.3.0"
source = "registry+https://github.com/rust-lang/crates.io-index"
checksum = "68a61082d8bceecd71a3870e9162002bb75f7ba9c7aa8b76227e887782fef9c8"
